
Microsoft Visual Studio Solution File, Format Version 12.00
# Visual Studio 15
VisualStudioVersion = 15.0.28010.2048
MinimumVisualStudioVersion = 10.0.40219.1
Project("{FAE04EC0-301F-11D3-BF4B-00C04F79EFBC}") = "_3DPrintHub.Android", "_3DPrintHub\_3DPrintHub.Android\_3DPrintHub.Android.csproj", "{8E9C93A0-5B49-4542-81AF-BA3EC95E0A13}"
EndProject
Project("{FAE04EC0-301F-11D3-BF4B-00C04F79EFBC}") = "_3DPrintHub.iOS", "_3DPrintHub\_3DPrintHub.iOS\_3DPrintHub.iOS.csproj", "{1C964762-F189-4AA8-9F72-044D50A8CD95}"
EndProject
Project("{FAE04EC0-301F-11D3-BF4B-00C04F79EFBC}") = "_3DPrintHub", "_3DPrintHub\_3DPrintHub\_3DPrintHub.csproj", "{E6AD3D5E-6542-45BC-BFCE-4F445FB53948}"
EndProject
Global
	GlobalSection(SolutionConfigurationPlatforms) = preSolution
		Ad-Hoc|Any CPU = Ad-Hoc|Any CPU
		Ad-Hoc|iPhone = Ad-Hoc|iPhone
		Ad-Hoc|iPhoneSimulator = Ad-Hoc|iPhoneSimulator
		AppStore|Any CPU = AppStore|Any CPU
		AppStore|iPhone = AppStore|iPhone
		AppStore|iPhoneSimulator = AppStore|iPhoneSimulator
		Debug|Any CPU = Debug|Any CPU
		Debug|iPhone = Debug|iPhone
		Debug|iPhoneSimulator = Debug|iPhoneSimulator
		Release|Any CPU = Release|Any CPU
		Release|iPhone = Release|iPhone
		Release|iPhoneSimulator = Release|iPhoneSimulator
	EndGlobalSection
	GlobalSection(ProjectConfigurationPlatforms) = postSolution
		{8E9C93A0-5B49-4542-81AF-BA3EC95E0A13}.Ad-Hoc|Any CPU.ActiveCfg = Release|Any CPU
		{8E9C93A0-5B49-4542-81AF-BA3EC95E0A13}.Ad-Hoc|Any CPU.Build.0 = Release|Any CPU
		{8E9C93A0-5B49-4542-81AF-BA3EC95E0A13}.Ad-Hoc|Any CPU.Deploy.0 = Release|Any CPU
		{8E9C93A0-5B49-4542-81AF-BA3EC95E0A13}.Ad-Hoc|iPhone.ActiveCfg = Release|Any CPU
		{8E9C93A0-5B49-4542-81AF-BA3EC95E0A13}.Ad-Hoc|iPhone.Build.0 = Release|Any CPU
		{8E9C93A0-5B49-4542-81AF-BA3EC95E0A13}.Ad-Hoc|iPhone.Deploy.0 = Release|Any CPU
		{8E9C93A0-5B49-4542-81AF-BA3EC95E0A13}.Ad-Hoc|iPhoneSimulator.ActiveCfg = Release|Any CPU
		{8E9C93A0-5B49-4542-81AF-BA3EC95E0A13}.Ad-Hoc|iPhoneSimulator.Build.0 = Release|Any CPU
		{8E9C93A0-5B49-4542-81AF-BA3EC95E0A13}.Ad-Hoc|iPhoneSimulator.Deploy.0 = Release|Any CPU
		{8E9C93A0-5B49-4542-81AF-BA3EC95E0A13}.AppStore|Any CPU.ActiveCfg = Release|Any CPU
		{8E9C93A0-5B49-4542-81AF-BA3EC95E0A13}.AppStore|Any CPU.Build.0 = Release|Any CPU
		{8E9C93A0-5B49-4542-81AF-BA3EC95E0A13}.AppStore|Any CPU.Deploy.0 = Release|Any CPU
		{8E9C93A0-5B49-4542-81AF-BA3EC95E0A13}.AppStore|iPhone.ActiveCfg = Release|Any CPU
		{8E9C93A0-5B49-4542-81AF-BA3EC95E0A13}.AppStore|iPhone.Build.0 = Release|Any CPU
		{8E9C93A0-5B49-4542-81AF-BA3EC95E0A13}.AppStore|iPhone.Deploy.0 = Release|Any CPU
		{8E9C93A0-5B49-4542-81AF-BA3EC95E0A13}.AppStore|iPhoneSimulator.ActiveCfg = Release|Any CPU
		{8E9C93A0-5B49-4542-81AF-BA3EC95E0A13}.AppStore|iPhoneSimulator.Build.0 = Release|Any CPU
		{8E9C93A0-5B49-4542-81AF-BA3EC95E0A13}.AppStore|iPhoneSimulator.Deploy.0 = Release|Any CPU
		{8E9C93A0-5B49-4542-81AF-BA3EC95E0A13}.Debug|Any CPU.ActiveCfg = Debug|Any CPU
		{8E9C93A0-5B49-4542-81AF-BA3EC95E0A13}.Debug|Any CPU.Build.0 = Debug|Any CPU
		{8E9C93A0-5B49-4542-81AF-BA3EC95E0A13}.Debug|Any CPU.Deploy.0 = Debug|Any CPU
		{8E9C93A0-5B49-4542-81AF-BA3EC95E0A13}.Debug|iPhone.ActiveCfg = Debug|Any CPU
		{8E9C93A0-5B49-4542-81AF-BA3EC95E0A13}.Debug|iPhone.Build.0 = Debug|Any CPU
		{8E9C93A0-5B49-4542-81AF-BA3EC95E0A13}.Debug|iPhone.Deploy.0 = Debug|Any CPU
		{8E9C93A0-5B49-4542-81AF-BA3EC95E0A13}.Debug|iPhoneSimulator.ActiveCfg = Debug|Any CPU
		{8E9C93A0-5B49-4542-81AF-BA3EC95E0A13}.Debug|iPhoneSimulator.Build.0 = Debug|Any CPU
		{8E9C93A0-5B49-4542-81AF-BA3EC95E0A13}.Debug|iPhoneSimulator.Deploy.0 = Debug|Any CPU
		{8E9C93A0-5B49-4542-81AF-BA3EC95E0A13}.Release|Any CPU.ActiveCfg = Release|Any CPU
		{8E9C93A0-5B49-4542-81AF-BA3EC95E0A13}.Release|Any CPU.Build.0 = Release|Any CPU
		{8E9C93A0-5B49-4542-81AF-BA3EC95E0A13}.Release|Any CPU.Deploy.0 = Release|Any CPU
		{8E9C93A0-5B49-4542-81AF-BA3EC95E0A13}.Release|iPhone.ActiveCfg = Release|Any CPU
		{8E9C93A0-5B49-4542-81AF-BA3EC95E0A13}.Release|iPhone.Build.0 = Release|Any CPU
		{8E9C93A0-5B49-4542-81AF-BA3EC95E0A13}.Release|iPhone.Deploy.0 = Release|Any CPU
		{8E9C93A0-5B49-4542-81AF-BA3EC95E0A13}.Release|iPhoneSimulator.ActiveCfg = Release|Any CPU
		{8E9C93A0-5B49-4542-81AF-BA3EC95E0A13}.Release|iPhoneSimulator.Build.0 = Release|Any CPU
		{8E9C93A0-5B49-4542-81AF-BA3EC95E0A13}.Release|iPhoneSimulator.Deploy.0 = Release|Any CPU
		{1C964762-F189-4AA8-9F72-044D50A8CD95}.Ad-Hoc|Any CPU.ActiveCfg = Ad-Hoc|iPhone
		{1C964762-F189-4AA8-9F72-044D50A8CD95}.Ad-Hoc|Any CPU.Build.0 = Ad-Hoc|iPhone
		{1C964762-F189-4AA8-9F72-044D50A8CD95}.Ad-Hoc|Any CPU.Deploy.0 = Ad-Hoc|iPhone
		{1C964762-F189-4AA8-9F72-044D50A8CD95}.Ad-Hoc|iPhone.ActiveCfg = Ad-Hoc|iPhone
		{1C964762-F189-4AA8-9F72-044D50A8CD95}.Ad-Hoc|iPhone.Build.0 = Ad-Hoc|iPhone
		{1C964762-F189-4AA8-9F72-044D50A8CD95}.Ad-Hoc|iPhone.Deploy.0 = Ad-Hoc|iPhone
		{1C964762-F189-4AA8-9F72-044D50A8CD95}.Ad-Hoc|iPhoneSimulator.ActiveCfg = Ad-Hoc|iPhoneSimulator
		{1C964762-F189-4AA8-9F72-044D50A8CD95}.Ad-Hoc|iPhoneSimulator.Build.0 = Ad-Hoc|iPhoneSimulator
		{1C964762-F189-4AA8-9F72-044D50A8CD95}.Ad-Hoc|iPhoneSimulator.Deploy.0 = Ad-Hoc|iPhoneSimulator
		{1C964762-F189-4AA8-9F72-044D50A8CD95}.AppStore|Any CPU.ActiveCfg = AppStore|iPhone
		{1C964762-F189-4AA8-9F72-044D50A8CD95}.AppStore|Any CPU.Build.0 = AppStore|iPhone
		{1C964762-F189-4AA8-9F72-044D50A8CD95}.AppStore|Any CPU.Deploy.0 = AppStore|iPhone
		{1C964762-F189-4AA8-9F72-044D50A8CD95}.AppStore|iPhone.ActiveCfg = AppStore|iPhone
		{1C964762-F189-4AA8-9F72-044D50A8CD95}.AppStore|iPhone.Build.0 = AppStore|iPhone
		{1C964762-F189-4AA8-9F72-044D50A8CD95}.AppStore|iPhone.Deploy.0 = AppStore|iPhone
		{1C964762-F189-4AA8-9F72-044D50A8CD95}.AppStore|iPhoneSimulator.ActiveCfg = AppStore|iPhoneSimulator
		{1C964762-F189-4AA8-9F72-044D50A8CD95}.AppStore|iPhoneSimulator.Build.0 = AppStore|iPhoneSimulator
		{1C964762-F189-4AA8-9F72-044D50A8CD95}.AppStore|iPhoneSimulator.Deploy.0 = AppStore|iPhoneSimulator
		{1C964762-F189-4AA8-9F72-044D50A8CD95}.Debug|Any CPU.ActiveCfg = Debug|iPhoneSimulator
		{1C964762-F189-4AA8-9F72-044D50A8CD95}.Debug|Any CPU.Build.0 = Debug|iPhoneSimulator
		{1C964762-F189-4AA8-9F72-044D50A8CD95}.Debug|Any CPU.Deploy.0 = Debug|iPhoneSimulator
		{1C964762-F189-4AA8-9F72-044D50A8CD95}.Debug|iPhone.ActiveCfg = Debug|iPhone
		{1C964762-F189-4AA8-9F72-044D50A8CD95}.Debug|iPhone.Build.0 = Debug|iPhone
		{1C964762-F189-4AA8-9F72-044D50A8CD95}.Debug|iPhone.Deploy.0 = Debug|iPhone
		{1C964762-F189-4AA8-9F72-044D50A8CD95}.Debug|iPhoneSimulator.ActiveCfg = Debug|iPhoneSimulator
		{1C964762-F189-4AA8-9F72-044D50A8CD95}.Debug|iPhoneSimulator.Build.0 = Debug|iPhoneSimulator
		{1C964762-F189-4AA8-9F72-044D50A8CD95}.Debug|iPhoneSimulator.Deploy.0 = Debug|iPhoneSimulator
		{1C964762-F189-4AA8-9F72-044D50A8CD95}.Release|Any CPU.ActiveCfg = Release|iPhone
		{1C964762-F189-4AA8-9F72-044D50A8CD95}.Release|Any CPU.Build.0 = Release|iPhone
		{1C964762-F189-4AA8-9F72-044D50A8CD95}.Release|Any CPU.Deploy.0 = Release|iPhone
		{1C964762-F189-4AA8-9F72-044D50A8CD95}.Release|iPhone.ActiveCfg = Release|iPhone
		{1C964762-F189-4AA8-9F72-044D50A8CD95}.Release|iPhone.Build.0 = Release|iPhone
		{1C964762-F189-4AA8-9F72-044D50A8CD95}.Release|iPhone.Deploy.0 = Release|iPhone
		{1C964762-F189-4AA8-9F72-044D50A8CD95}.Release|iPhoneSimulator.ActiveCfg = Release|iPhoneSimulator
		{1C964762-F189-4AA8-9F72-044D50A8CD95}.Release|iPhoneSimulator.Build.0 = Release|iPhoneSimulator
		{1C964762-F189-4AA8-9F72-044D50A8CD95}.Release|iPhoneSimulator.Deploy.0 = Release|iPhoneSimulator
		{E6AD3D5E-6542-45BC-BFCE-4F445FB53948}.Ad-Hoc|Any CPU.ActiveCfg = Debug|Any CPU
		{E6AD3D5E-6542-45BC-BFCE-4F445FB53948}.Ad-Hoc|Any CPU.Build.0 = Debug|Any CPU
		{E6AD3D5E-6542-45BC-BFCE-4F445FB53948}.Ad-Hoc|Any CPU.Deploy.0 = Debug|Any CPU
		{E6AD3D5E-6542-45BC-BFCE-4F445FB53948}.Ad-Hoc|iPhone.ActiveCfg = Debug|Any CPU
		{E6AD3D5E-6542-45BC-BFCE-4F445FB53948}.Ad-Hoc|iPhone.Build.0 = Debug|Any CPU
		{E6AD3D5E-6542-45BC-BFCE-4F445FB53948}.Ad-Hoc|iPhone.Deploy.0 = Debug|Any CPU
		{E6AD3D5E-6542-45BC-BFCE-4F445FB53948}.Ad-Hoc|iPhoneSimulator.ActiveCfg = Debug|Any CPU
		{E6AD3D5E-6542-45BC-BFCE-4F445FB53948}.Ad-Hoc|iPhoneSimulator.Build.0 = Debug|Any CPU
		{E6AD3D5E-6542-45BC-BFCE-4F445FB53948}.Ad-Hoc|iPhoneSimulator.Deploy.0 = Debug|Any CPU
		{E6AD3D5E-6542-45BC-BFCE-4F445FB53948}.AppStore|Any CPU.ActiveCfg = Debug|Any CPU
		{E6AD3D5E-6542-45BC-BFCE-4F445FB53948}.AppStore|Any CPU.Build.0 = Debug|Any CPU
		{E6AD3D5E-6542-45BC-BFCE-4F445FB53948}.AppStore|Any CPU.Deploy.0 = Debug|Any CPU
		{E6AD3D5E-6542-45BC-BFCE-4F445FB53948}.AppStore|iPhone.ActiveCfg = Debug|Any CPU
		{E6AD3D5E-6542-45BC-BFCE-4F445FB53948}.AppStore|iPhone.Build.0 = Debug|Any CPU
		{E6AD3D5E-6542-45BC-BFCE-4F445FB53948}.AppStore|iPhone.Deploy.0 = Debug|Any CPU
		{E6AD3D5E-6542-45BC-BFCE-4F445FB53948}.AppStore|iPhoneSimulator.ActiveCfg = Debug|Any CPU
		{E6AD3D5E-6542-45BC-BFCE-4F445FB53948}.AppStore|iPhoneSimulator.Build.0 = Debug|Any CPU
		{E6AD3D5E-6542-45BC-BFCE-4F445FB53948}.AppStore|iPhoneSimulator.Deploy.0 = Debug|Any CPU
		{E6AD3D5E-6542-45BC-BFCE-4F445FB53948}.Debug|Any CPU.ActiveCfg = Debug|Any CPU
		{E6AD3D5E-6542-45BC-BFCE-4F445FB53948}.Debug|Any CPU.Build.0 = Debug|Any CPU
		{E6AD3D5E-6542-45BC-BFCE-4F445FB53948}.Debug|Any CPU.Deploy.0 = Debug|Any CPU
		{E6AD3D5E-6542-45BC-BFCE-4F445FB53948}.Debug|iPhone.ActiveCfg = Debug|Any CPU
		{E6AD3D5E-6542-45BC-BFCE-4F445FB53948}.Debug|iPhone.Build.0 = Debug|Any CPU
		{E6AD3D5E-6542-45BC-BFCE-4F445FB53948}.Debug|iPhone.Deploy.0 = Debug|Any CPU
		{E6AD3D5E-6542-45BC-BFCE-4F445FB53948}.Debug|iPhoneSimulator.ActiveCfg = Debug|Any CPU
		{E6AD3D5E-6542-45BC-BFCE-4F445FB53948}.Debug|iPhoneSimulator.Build.0 = Debug|Any CPU
		{E6AD3D5E-6542-45BC-BFCE-4F445FB53948}.Debug|iPhoneSimulator.Deploy.0 = Debug|Any CPU
		{E6AD3D5E-6542-45BC-BFCE-4F445FB53948}.Release|Any CPU.ActiveCfg = Release|Any CPU
		{E6AD3D5E-6542-45BC-BFCE-4F445FB53948}.Release|Any CPU.Build.0 = Release|Any CPU
		{E6AD3D5E-6542-45BC-BFCE-4F445FB53948}.Release|Any CPU.Deploy.0 = Release|Any CPU
		{E6AD3D5E-6542-45BC-BFCE-4F445FB53948}.Release|iPhone.ActiveCfg = Release|Any CPU
		{E6AD3D5E-6542-45BC-BFCE-4F445FB53948}.Release|iPhone.Build.0 = Release|Any CPU
		{E6AD3D5E-6542-45BC-BFCE-4F445FB53948}.Release|iPhone.Deploy.0 = Release|Any CPU
		{E6AD3D5E-6542-45BC-BFCE-4F445FB53948}.Release|iPhoneSimulator.ActiveCfg = Release|Any CPU
		{E6AD3D5E-6542-45BC-BFCE-4F445FB53948}.Release|iPhoneSimulator.Build.0 = Release|Any CPU
		{E6AD3D5E-6542-45BC-BFCE-4F445FB53948}.Release|iPhoneSimulator.Deploy.0 = Release|Any CPU
	EndGlobalSection
	GlobalSection(SolutionProperties) = preSolution
		HideSolutionNode = FALSE
	EndGlobalSection
	GlobalSection(ExtensibilityGlobals) = postSolution
		SolutionGuid = {2FFF767B-1D6F-4855-A437-4CE037F6C216}
	EndGlobalSection
EndGlobal
